
Microsoft Visual Studio Solution File, Format Version 12.00
# Visual Studio Version 17
VisualStudioVersion = 17.0.32112.339
MinimumVisualStudioVersion = 10.0.40219.1
Project("{FAE04EC0-301F-11D3-BF4B-00C04F79EFBC}") = "TestGit", "TestGit\TestGit.csproj", "{E60F6BBF-D5BD-4477-B9B3-89A87DC02FFF}"
EndProject
Global
	GlobalSection(SolutionConfigurationPlatforms) = preSolution
		Debug|Any CPU = Debug|Any CPU
		Release|Any CPU = Release|Any CPU
	EndGlobalSection
	GlobalSection(ProjectConfigurationPlatforms) = postSolution
		{E60F6BBF-D5BD-4477-B9B3-89A87DC02FFF}.Debug|Any CPU.ActiveCfg = Debug|Any CPU
		{E60F6BBF-D5BD-4477-B9B3-89A87DC02FFF}.Debug|Any CPU.Build.0 = Debug|Any CPU
		{E60F6BBF-D5BD-4477-B9B3-89A87DC02FFF}.Release|Any CPU.ActiveCfg = Release|Any CPU
		{E60F6BBF-D5BD-4477-B9B3-89A87DC02FFF}.Release|Any CPU.Build.0 = Release|Any CPU
	EndGlobalSection
	GlobalSection(SolutionProperties) = preSolution
		HideSolutionNode = FALSE
	EndGlobalSection
	GlobalSection(ExtensibilityGlobals) = postSolution
		SolutionGuid = {D14D04F2-7233-4C4D-99EE-8D10AD2DB61F}
	EndGlobalSection
EndGlobal
